
Microsoft Visual Studio Solution File, Format Version 12.00
# Visual Studio 2012
Project("{8BC9CEB8-8B4A-11D0-8D11-00A0C91BC942}") = "Lesson0", "Lesson0\Lesson0.vcxproj", "{3F35F9B5-8F1B-4087-B2BA-4F01922217DD}"
EndProject
Project("{8BC9CEB8-8B4A-11D0-8D11-00A0C91BC942}") = "Lesson1", "Lesson1\Lesson1.vcxproj", "{F7A6112E-81A7-4C0F-AF46-35D033121124}"
EndProject
Global
	GlobalSection(SolutionConfigurationPlatforms) = preSolution
		Debug|Win32 = Debug|Win32
		Release|Win32 = Release|Win32
	EndGlobalSection
	GlobalSection(ProjectConfigurationPlatforms) = postSolution
		{3F35F9B5-8F1B-4087-B2BA-4F01922217DD}.Debug|Win32.ActiveCfg = Debug|Win32
		{3F35F9B5-8F1B-4087-B2BA-4F01922217DD}.Debug|Win32.Build.0 = Debug|Win32
		{3F35F9B5-8F1B-4087-B2BA-4F01922217DD}.Release|Win32.ActiveCfg = Release|Win32
		{3F35F9B5-8F1B-4087-B2BA-4F01922217DD}.Release|Win32.Build.0 = Release|Win32
		{F7A6112E-81A7-4C0F-AF46-35D033121124}.Debug|Win32.ActiveCfg = Debug|Win32
		{F7A6112E-81A7-4C0F-AF46-35D033121124}.Debug|Win32.Build.0 = Debug|Win32
		{F7A6112E-81A7-4C0F-AF46-35D033121124}.Release|Win32.ActiveCfg = Release|Win32
		{F7A6112E-81A7-4C0F-AF46-35D033121124}.Release|Win32.Build.0 = Release|Win32
	EndGlobalSection
	GlobalSection(SolutionProperties) = preSolution
		HideSolutionNode = FALSE
	EndGlobalSection
EndGlobal
